
Microsoft Visual Studio Solution File, Format Version 12.00
# Visual Studio Version 17
VisualStudioVersion = 17.7.34031.279
MinimumVisualStudioVersion = 10.0.40219.1
Project("{8BC9CEB8-8B4A-11D0-8D11-00A0C91BC942}") = "Task1", "Task1\Task1.vcxproj", "{3C917801-3262-418E-9143-9F996A7949D8}"
EndProject
Project("{8BC9CEB8-8B4A-11D0-8D11-00A0C91BC942}") = "Library", "..\Library\Library.vcxproj", "{2B4436BB-6645-45E6-AF24-D923FAE3B9AF}"
EndProject
Project("{8BC9CEB8-8B4A-11D0-8D11-00A0C91BC942}") = "Task2", "Task2\Task2.vcxproj", "{30666923-B581-4C57-BEC8-FE0CA3D3A3CC}"
EndProject
Project("{8BC9CEB8-8B4A-11D0-8D11-00A0C91BC942}") = "Task3", "Task3\Task3.vcxproj", "{DB96D00F-8404-4D6E-962E-4F23ECC9D09D}"
EndProject
Project("{8BC9CEB8-8B4A-11D0-8D11-00A0C91BC942}") = "Task4", "Task4\Task4.vcxproj", "{8FEDB881-1729-49F3-A875-00FC4E56BFFD}"
EndProject
Project("{8BC9CEB8-8B4A-11D0-8D11-00A0C91BC942}") = "Task5", "Task5\Task5.vcxproj", "{7C650403-D982-4F7D-9ECA-BC41594871B5}"
EndProject
Global
	GlobalSection(SolutionConfigurationPlatforms) = preSolution
		Debug|x64 = Debug|x64
		Debug|x86 = Debug|x86
		Release|x64 = Release|x64
		Release|x86 = Release|x86
	EndGlobalSection
	GlobalSection(ProjectConfigurationPlatforms) = postSolution
		{3C917801-3262-418E-9143-9F996A7949D8}.Debug|x64.ActiveCfg = Debug|x64
		{3C917801-3262-418E-9143-9F996A7949D8}.Debug|x64.Build.0 = Debug|x64
		{3C917801-3262-418E-9143-9F996A7949D8}.Debug|x86.ActiveCfg = Debug|Win32
		{3C917801-3262-418E-9143-9F996A7949D8}.Debug|x86.Build.0 = Debug|Win32
		{3C917801-3262-418E-9143-9F996A7949D8}.Release|x64.ActiveCfg = Release|x64
		{3C917801-3262-418E-9143-9F996A7949D8}.Release|x64.Build.0 = Release|x64
		{3C917801-3262-418E-9143-9F996A7949D8}.Release|x86.ActiveCfg = Release|Win32
		{3C917801-3262-418E-9143-9F996A7949D8}.Release|x86.Build.0 = Release|Win32
		{2B4436BB-6645-45E6-AF24-D923FAE3B9AF}.Debug|x64.ActiveCfg = Debug|x64
		{2B4436BB-6645-45E6-AF24-D923FAE3B9AF}.Debug|x64.Build.0 = Debug|x64
		{2B4436BB-6645-45E6-AF24-D923FAE3B9AF}.Debug|x86.ActiveCfg = Debug|Win32
		{2B4436BB-6645-45E6-AF24-D923FAE3B9AF}.Debug|x86.Build.0 = Debug|Win32
		{2B4436BB-6645-45E6-AF24-D923FAE3B9AF}.Release|x64.ActiveCfg = Release|x64
		{2B4436BB-6645-45E6-AF24-D923FAE3B9AF}.Release|x64.Build.0 = Release|x64
		{2B4436BB-6645-45E6-AF24-D923FAE3B9AF}.Release|x86.ActiveCfg = Release|Win32
		{2B4436BB-6645-45E6-AF24-D923FAE3B9AF}.Release|x86.Build.0 = Release|Win32
		{30666923-B581-4C57-BEC8-FE0CA3D3A3CC}.Debug|x64.ActiveCfg = Debug|x64
		{30666923-B581-4C57-BEC8-FE0CA3D3A3CC}.Debug|x64.Build.0 = Debug|x64
		{30666923-B581-4C57-BEC8-FE0CA3D3A3CC}.Debug|x86.ActiveCfg = Debug|Win32
		{30666923-B581-4C57-BEC8-FE0CA3D3A3CC}.Debug|x86.Build.0 = Debug|Win32
		{30666923-B581-4C57-BEC8-FE0CA3D3A3CC}.Release|x64.ActiveCfg = Release|x64
		{30666923-B581-4C57-BEC8-FE0CA3D3A3CC}.Release|x64.Build.0 = Release|x64
		{30666923-B581-4C57-BEC8-FE0CA3D3A3CC}.Release|x86.ActiveCfg = Release|Win32
		{30666923-B581-4C57-BEC8-FE0CA3D3A3CC}.Release|x86.Build.0 = Release|Win32
		{DB96D00F-8404-4D6E-962E-4F23ECC9D09D}.Debug|x64.ActiveCfg = Debug|x64
		{DB96D00F-8404-4D6E-962E-4F23ECC9D09D}.Debug|x64.Build.0 = Debug|x64
		{DB96D00F-8404-4D6E-962E-4F23ECC9D09D}.Debug|x86.ActiveCfg = Debug|Win32
		{DB96D00F-8404-4D6E-962E-4F23ECC9D09D}.Debug|x86.Build.0 = Debug|Win32
		{DB96D00F-8404-4D6E-962E-4F23ECC9D09D}.Release|x64.ActiveCfg = Release|x64
		{DB96D00F-8404-4D6E-962E-4F23ECC9D09D}.Release|x64.Build.0 = Release|x64
		{DB96D00F-8404-4D6E-962E-4F23ECC9D09D}.Release|x86.ActiveCfg = Release|Win32
		{DB96D00F-8404-4D6E-962E-4F23ECC9D09D}.Release|x86.Build.0 = Release|Win32
		{8FEDB881-1729-49F3-A875-00FC4E56BFFD}.Debug|x64.ActiveCfg = Debug|x64
		{8FEDB881-1729-49F3-A875-00FC4E56BFFD}.Debug|x64.Build.0 = Debug|x64
		{8FEDB881-1729-49F3-A875-00FC4E56BFFD}.Debug|x86.ActiveCfg = Debug|Win32
		{8FEDB881-1729-49F3-A875-00FC4E56BFFD}.Debug|x86.Build.0 = Debug|Win32
		{8FEDB881-1729-49F3-A875-00FC4E56BFFD}.Release|x64.ActiveCfg = Release|x64
		{8FEDB881-1729-49F3-A875-00FC4E56BFFD}.Release|x64.Build.0 = Release|x64
		{8FEDB881-1729-49F3-A875-00FC4E56BFFD}.Release|x86.ActiveCfg = Release|Win32
		{8FEDB881-1729-49F3-A875-00FC4E56BFFD}.Release|x86.Build.0 = Release|Win32
		{7C650403-D982-4F7D-9ECA-BC41594871B5}.Debug|x64.ActiveCfg = Debug|x64
		{7C650403-D982-4F7D-9ECA-BC41594871B5}.Debug|x64.Build.0 = Debug|x64
		{7C650403-D982-4F7D-9ECA-BC41594871B5}.Debug|x86.ActiveCfg = Debug|Win32
		{7C650403-D982-4F7D-9ECA-BC41594871B5}.Debug|x86.Build.0 = Debug|Win32
		{7C650403-D982-4F7D-9ECA-BC41594871B5}.Release|x64.ActiveCfg = Release|x64
		{7C650403-D982-4F7D-9ECA-BC41594871B5}.Release|x64.Build.0 = Release|x64
		{7C650403-D982-4F7D-9ECA-BC41594871B5}.Release|x86.ActiveCfg = Release|Win32
		{7C650403-D982-4F7D-9ECA-BC41594871B5}.Release|x86.Build.0 = Release|Win32
	EndGlobalSection
	GlobalSection(SolutionProperties) = preSolution
		HideSolutionNode = FALSE
	EndGlobalSection
	GlobalSection(ExtensibilityGlobals) = postSolution
		SolutionGuid = {33E1A61F-797D-4296-82FB-410A9A4D8494}
	EndGlobalSection
EndGlobal
